
Microsoft Visual Studio Solution File, Format Version 12.00
# Visual Studio Version 17
VisualStudioVersion = 17.6.33815.320
MinimumVisualStudioVersion = 10.0.40219.1
Project("{9A19103F-16F7-4668-BE54-9A1E7A4F7556}") = "OrderService", "OrderService\OrderService.csproj", "{64267454-5BAF-4E59-8581-CE1C420761BA}"
EndProject
Project("{9A19103F-16F7-4668-BE54-9A1E7A4F7556}") = "MessageService", "MessageService\MessageService.csproj", "{91BC4178-17EA-4EFE-BCA1-DD09DA1634B1}"
EndProject
Global
	GlobalSection(SolutionConfigurationPlatforms) = preSolution
		Debug|Any CPU = Debug|Any CPU
		Release|Any CPU = Release|Any CPU
	EndGlobalSection
	GlobalSection(ProjectConfigurationPlatforms) = postSolution
		{64267454-5BAF-4E59-8581-CE1C420761BA}.Debug|Any CPU.ActiveCfg = Debug|Any CPU
		{64267454-5BAF-4E59-8581-CE1C420761BA}.Debug|Any CPU.Build.0 = Debug|Any CPU
		{64267454-5BAF-4E59-8581-CE1C420761BA}.Release|Any CPU.ActiveCfg = Release|Any CPU
		{64267454-5BAF-4E59-8581-CE1C420761BA}.Release|Any CPU.Build.0 = Release|Any CPU
		{91BC4178-17EA-4EFE-BCA1-DD09DA1634B1}.Debug|Any CPU.ActiveCfg = Debug|Any CPU
		{91BC4178-17EA-4EFE-BCA1-DD09DA1634B1}.Debug|Any CPU.Build.0 = Debug|Any CPU
		{91BC4178-17EA-4EFE-BCA1-DD09DA1634B1}.Release|Any CPU.ActiveCfg = Release|Any CPU
		{91BC4178-17EA-4EFE-BCA1-DD09DA1634B1}.Release|Any CPU.Build.0 = Release|Any CPU
	EndGlobalSection
	GlobalSection(SolutionProperties) = preSolution
		HideSolutionNode = FALSE
	EndGlobalSection
	GlobalSection(ExtensibilityGlobals) = postSolution
		SolutionGuid = {86499808-4863-4668-9B19-7224C84AE836}
	EndGlobalSection
EndGlobal
